// !$*UTF8*$!
{
	archiveVersion = 1;
	classes = {
	};
	objectVersion = 50;
	objects = {

/* Begin PBXBuildFile section */
		32A9B69325D9CDE200E1FC76 /* AppDelegate.swift in Sources */ = {isa = PBXBuildFile; fileRef = 32A9B69225D9CDE200E1FC76 /* AppDelegate.swift */; };
		32A9B69525D9CDE200E1FC76 /* SceneDelegate.swift in Sources */ = {isa = PBXBuildFile; fileRef = 32A9B69425D9CDE200E1FC76 /* SceneDelegate.swift */; };
		32A9B69725D9CDE200E1FC76 /* ViewController.swift in Sources */ = {isa = PBXBuildFile; fileRef = 32A9B69625D9CDE200E1FC76 /* ViewController.swift */; };
		32A9B69A25D9CDE200E1FC76 /* Main.storyboard in Resources */ = {isa = PBXBuildFile; fileRef = 32A9B69825D9CDE200E1FC76 /* Main.storyboard */; };
		32A9B69C25D9CDE900E1FC76 /* Assets.xcassets in Resources */ = {isa = PBXBuildFile; fileRef = 32A9B69B25D9CDE900E1FC76 /* Assets.xcassets */; };
		32A9B69F25D9CDE900E1FC76 /* LaunchScreen.storyboard in Resources */ = {isa = PBXBuildFile; fileRef = 32A9B69D25D9CDE900E1FC76 /* LaunchScreen.storyboard */; };
		32A9B6AA25D9CDEA00E1FC76 /* Conversion_CalculatorTests.swift in Sources */ = {isa = PBXBuildFile; fileRef = 32A9B6A925D9CDEA00E1FC76 /* Conversion_CalculatorTests.swift */; };
		32A9B6B525D9CDEA00E1FC76 /* Conversion_CalculatorUITests.swift in Sources */ = {isa = PBXBuildFile; fileRef = 32A9B6B425D9CDEA00E1FC76 /* Conversion_CalculatorUITests.swift */; };
/* End PBXBuildFile section */

/* Begin PBXContainerItemProxy section */
		32A9B6A625D9CDEA00E1FC76 /* PBXContainerItemProxy */ = {
			isa = PBXContainerItemProxy;
			containerPortal = 32A9B68725D9CDE200E1FC76 /* Project object */;
			proxyType = 1;
			remoteGlobalIDString = 32A9B68E25D9CDE200E1FC76;
			remoteInfo = "Conversion Calculator";
		};
		32A9B6B125D9CDEA00E1FC76 /* PBXContainerItemProxy */ = {
			isa = PBXContainerItemProxy;
			containerPortal = 32A9B68725D9CDE200E1FC76 /* Project object */;
			proxyType = 1;
			remoteGlobalIDString = 32A9B68E25D9CDE200E1FC76;
			remoteInfo = "Conversion Calculator";
		};
/* End PBXContainerItemProxy section */

/* Begin PBXFileReference section */
		32A9B68F25D9CDE200E1FC76 /* Conversion Calculator.app */ = {isa = PBXFileReference; explicitFileType = wrapper.application; includeInIndex = 0; path = "Conversion Calculator.app"; sourceTree = BUILT_PRODUCTS_DIR; };
		32A9B69225D9CDE200E1FC76 /* AppDelegate.swift */ = {isa = PBXFileReference; lastKnownFileType = sourcecode.swift; path = AppDelegate.swift; sourceTree = "<group>"; };
		32A9B69425D9CDE200E1FC76 /* SceneDelegate.swift */ = {isa = PBXFileReference; lastKnownFileType = sourcecode.swift; path = SceneDelegate.swift; sourceTree = "<group>"; };
		32A9B69625D9CDE200E1FC76 /* ViewController.swift */ = {isa = PBXFileReference; lastKnownFileType = sourcecode.swift; path = ViewController.swift; sourceTree = "<group>"; };
		32A9B69925D9CDE200E1FC76 /* Base */ = {isa = PBXFileReference; lastKnownFileType = file.storyboard; name = Base; path = Base.lproj/Main.storyboard; sourceTree = "<group>"; };
		32A9B69B25D9CDE900E1FC76 /* Assets.xcassets */ = {isa = PBXFileReference; lastKnownFileType = folder.assetcatalog; path = Assets.xcassets; sourceTree = "<group>"; };
		32A9B69E25D9CDE900E1FC76 /* Base */ = {isa = PBXFileReference; lastKnownFileType = file.storyboard; name = Base; path = Base.lproj/LaunchScreen.storyboard; sourceTree = "<group>"; };
		32A9B6A025D9CDE900E1FC76 /* Info.plist */ = {isa = PBXFileReference; lastKnownFileType = text.plist.xml; path = Info.plist; sourceTree = "<group>"; };
		32A9B6A525D9CDEA00E1FC76 /* Conversion CalculatorTests.xctest */ = {isa = PBXFileReference; explicitFileType = wrapper.cfbundle; includeInIndex = 0; path = "Conversion CalculatorTests.xctest"; sourceTree = BUILT_PRODUCTS_DIR; };
		32A9B6A925D9CDEA00E1FC76 /* Conversion_CalculatorTests.swift */ = {isa = PBXFileReference; lastKnownFileType = sourcecode.swift; path = Conversion_CalculatorTests.swift; sourceTree = "<group>"; };
		32A9B6AB25D9CDEA00E1FC76 /* Info.plist */ = {isa = PBXFileReference; lastKnownFileType = text.plist.xml; path = Info.plist; sourceTree = "<group>"; };
		32A9B6B025D9CDEA00E1FC76 /* Conversion CalculatorUITests.xctest */ = {isa = PBXFileReference; explicitFileType = wrapper.cfbundle; includeInIndex = 0; path = "Conversion CalculatorUITests.xctest"; sourceTree = BUILT_PRODUCTS_DIR; };
		32A9B6B425D9CDEA00E1FC76 /* Conversion_CalculatorUITests.swift */ = {isa = PBXFileReference; lastKnownFileType = sourcecode.swift; path = Conversion_CalculatorUITests.swift; sourceTree = "<group>"; };
		32A9B6B625D9CDEA00E1FC76 /* Info.plist */ = {isa = PBXFileReference; lastKnownFileType = text.plist.xml; path = Info.plist; sourceTree = "<group>"; };
/* End PBXFileReference section */

/* Begin PBXFrameworksBuildPhase section */
		32A9B68C25D9CDE200E1FC76 /* Frameworks */ = {
			isa = PBXFrameworksBuildPhase;
			buildActionMask = 2147483647;
			files = (
			);
			runOnlyForDeploymentPostprocessing = 0;
		};
		32A9B6A225D9CDEA00E1FC76 /* Frameworks */ = {
			isa = PBXFrameworksBuildPhase;
			buildActionMask = 2147483647;
			files = (
			);
			runOnlyForDeploymentPostprocessing = 0;
		};
		32A9B6AD25D9CDEA00E1FC76 /* Frameworks */ = {
			isa = PBXFrameworksBuildPhase;
			buildActionMask = 2147483647;
			files = (
			);
			runOnlyForDeploymentPostprocessing = 0;
		};
/* End PBXFrameworksBuildPhase section */

/* Begin PBXGroup section */
		32A9B68625D9CDE200E1FC76 = {
			isa = PBXGroup;
			children = (
				32A9B69125D9CDE200E1FC76 /* Conversion Calculator */,
				32A9B6A825D9CDEA00E1FC76 /* Conversion CalculatorTests */,
				32A9B6B325D9CDEA00E1FC76 /* Conversion CalculatorUITests */,
				32A9B69025D9CDE200E1FC76 /* Products */,
			);
			sourceTree = "<group>";
		};
		32A9B69025D9CDE200E1FC76 /* Products */ = {
			isa = PBXGroup;
			children = (
				32A9B68F25D9CDE200E1FC76 /* Conversion Calculator.app */,
				32A9B6A525D9CDEA00E1FC76 /* Conversion CalculatorTests.xctest */,
				32A9B6B025D9CDEA00E1FC76 /* Conversion CalculatorUITests.xctest */,
			);
			name = Products;
			sourceTree = "<group>";
		};
		32A9B69125D9CDE200E1FC76 /* Conversion Calculator */ = {
			isa = PBXGroup;
			children = (
				32A9B69225D9CDE200E1FC76 /* AppDelegate.swift */,
				32A9B69425D9CDE200E1FC76 /* SceneDelegate.swift */,
				32A9B69625D9CDE200E1FC76 /* ViewController.swift */,
				32A9B69825D9CDE200E1FC76 /* Main.storyboard */,
				32A9B69B25D9CDE900E1FC76 /* Assets.xcassets */,
				32A9B69D25D9CDE900E1FC76 /* LaunchScreen.storyboard */,
				32A9B6A025D9CDE900E1FC76 /* Info.plist */,
			);
			path = "Conversion Calculator";
			sourceTree = "<group>";
		};
		32A9B6A825D9CDEA00E1FC76 /* Conversion CalculatorTests */ = {
			isa = PBXGroup;
			children = (
				32A9B6A925D9CDEA00E1FC76 /* Conversion_CalculatorTests.swift */,
				32A9B6AB25D9CDEA00E1FC76 /* Info.plist */,
			);
			path = "Conversion CalculatorTests";
			sourceTree = "<group>";
		};
		32A9B6B325D9CDEA00E1FC76 /* Conversion CalculatorUITests */ = {
			isa = PBXGroup;
			children = (
				32A9B6B425D9CDEA00E1FC76 /* Conversion_CalculatorUITests.swift */,
				32A9B6B625D9CDEA00E1FC76 /* Info.plist */,
			);
			path = "Conversion CalculatorUITests";
			sourceTree = "<group>";
		};
/* End PBXGroup section */

/* Begin PBXNativeTarget section */
		32A9B68E25D9CDE200E1FC76 /* Conversion Calculator */ = {
			isa = PBXNativeTarget;
			buildConfigurationList = 32A9B6B925D9CDEA00E1FC76 /* Build configuration list for PBXNativeTarget "Conversion Calculator" */;
			buildPhases = (
				32A9B68B25D9CDE200E1FC76 /* Sources */,
				32A9B68C25D9CDE200E1FC76 /* Frameworks */,
				32A9B68D25D9CDE200E1FC76 /* Resources */,
			);
			buildRules = (
			);
			dependencies = (
			);
			name = "Conversion Calculator";
			productName = "Conversion Calculator";
			productReference = 32A9B68F25D9CDE200E1FC76 /* Conversion Calculator.app */;
			productType = "com.apple.product-type.application";
		};
		32A9B6A425D9CDEA00E1FC76 /* Conversion CalculatorTests */ = {
			isa = PBXNativeTarget;
			buildConfigurationList = 32A9B6BC25D9CDEA00E1FC76 /* Build configuration list for PBXNativeTarget "Conversion CalculatorTests" */;
			buildPhases = (
				32A9B6A125D9CDEA00E1FC76 /* Sources */,
				32A9B6A225D9CDEA00E1FC76 /* Frameworks */,
				32A9B6A325D9CDEA00E1FC76 /* Resources */,
			);
			buildRules = (
			);
			dependencies = (
				32A9B6A725D9CDEA00E1FC76 /* PBXTargetDependency */,
			);
			name = "Conversion CalculatorTests";
			productName = "Conversion CalculatorTests";
			productReference = 32A9B6A525D9CDEA00E1FC76 /* Conversion CalculatorTests.xctest */;
			productType = "com.apple.product-type.bundle.unit-test";
		};
		32A9B6AF25D9CDEA00E1FC76 /* Conversion CalculatorUITests */ = {
			isa = PBXNativeTarget;
			buildConfigurationList = 32A9B6BF25D9CDEA00E1FC76 /* Build configuration list for PBXNativeTarget "Conversion CalculatorUITests" */;
			buildPhases = (
				32A9B6AC25D9CDEA00E1FC76 /* Sources */,
				32A9B6AD25D9CDEA00E1FC76 /* Frameworks */,
				32A9B6AE25D9CDEA00E1FC76 /* Resources */,
			);
			buildRules = (
			);
			dependencies = (
				32A9B6B225D9CDEA00E1FC76 /* PBXTargetDependency */,
			);
			name = "Conversion CalculatorUITests";
			productName = "Conversion CalculatorUITests";
			productReference = 32A9B6B025D9CDEA00E1FC76 /* Conversion CalculatorUITests.xctest */;
			productType = "com.apple.product-type.bundle.ui-testing";
		};
/* End PBXNativeTarget section */

/* Begin PBXProject section */
		32A9B68725D9CDE200E1FC76 /* Project object */ = {
			isa = PBXProject;
			attributes = {
				LastSwiftUpdateCheck = 1240;
				LastUpgradeCheck = 1240;
				TargetAttributes = {
					32A9B68E25D9CDE200E1FC76 = {
						CreatedOnToolsVersion = 12.4;
					};
					32A9B6A425D9CDEA00E1FC76 = {
						CreatedOnToolsVersion = 12.4;
						TestTargetID = 32A9B68E25D9CDE200E1FC76;
					};
					32A9B6AF25D9CDEA00E1FC76 = {
						CreatedOnToolsVersion = 12.4;
						TestTargetID = 32A9B68E25D9CDE200E1FC76;
					};
				};
			};
			buildConfigurationList = 32A9B68A25D9CDE200E1FC76 /* Build configuration list for PBXProject "Conversion Calculator" */;
			compatibilityVersion = "Xcode 9.3";
			developmentRegion = en;
			hasScannedForEncodings = 0;
			knownRegions = (
				en,
				Base,
			);
			mainGroup = 32A9B68625D9CDE200E1FC76;
			productRefGroup = 32A9B69025D9CDE200E1FC76 /* Products */;
			projectDirPath = "";
			projectRoot = "";
			targets = (
				32A9B68E25D9CDE200E1FC76 /* Conversion Calculator */,
				32A9B6A425D9CDEA00E1FC76 /* Conversion CalculatorTests */,
				32A9B6AF25D9CDEA00E1FC76 /* Conversion CalculatorUITests */,
			);
		};
/* End PBXProject section */

/* Begin PBXResourcesBuildPhase section */
		32A9B68D25D9CDE200E1FC76 /* Resources */ = {
			isa = PBXResourcesBuildPhase;
			buildActionMask = 2147483647;
			files = (
				32A9B69F25D9CDE900E1FC76 /* LaunchScreen.storyboard in Resources */,
				32A9B69C25D9CDE900E1FC76 /* Assets.xcassets in Resources */,
				32A9B69A25D9CDE200E1FC76 /* Main.storyboard in Resources */,
			);
			runOnlyForDeploymentPostprocessing = 0;
		};
		32A9B6A325D9CDEA00E1FC76 /* Resources */ = {
			isa = PBXResourcesBuildPhase;
			buildActionMask = 2147483647;
			files = (
			);
			runOnlyForDeploymentPostprocessing = 0;
		};
		32A9B6AE25D9CDEA00E1FC76 /* Resources */ = {
			isa = PBXResourcesBuildPhase;
			buildActionMask = 2147483647;
			files = (
			);
			runOnlyForDeploymentPostprocessing = 0;
		};
/* End PBXResourcesBuildPhase section */

/* Begin PBXSourcesBuildPhase section */
		32A9B68B25D9CDE200E1FC76 /* Sources */ = {
			isa = PBXSourcesBuildPhase;
			buildActionMask = 2147483647;
			files = (
				32A9B69725D9CDE200E1FC76 /* ViewController.swift in Sources */,
				32A9B69325D9CDE200E1FC76 /* AppDelegate.swift in Sources */,
				32A9B69525D9CDE200E1FC76 /* SceneDelegate.swift in Sources */,
			);
			runOnlyForDeploymentPostprocessing = 0;
		};
		32A9B6A125D9CDEA00E1FC76 /* Sources */ = {
			isa = PBXSourcesBuildPhase;
			buildActionMask = 2147483647;
			files = (
				32A9B6AA25D9CDEA00E1FC76 /* Conversion_CalculatorTests.swift in Sources */,
			);
			runOnlyForDeploymentPostprocessing = 0;
		};
		32A9B6AC25D9CDEA00E1FC76 /* Sources */ = {
			isa = PBXSourcesBuildPhase;
			buildActionMask = 2147483647;
			files = (
				32A9B6B525D9CDEA00E1FC76 /* Conversion_CalculatorUITests.swift in Sources */,
			);
			runOnlyForDeploymentPostprocessing = 0;
		};
/* End PBXSourcesBuildPhase section */

/* Begin PBXTargetDependency section */
		32A9B6A725D9CDEA00E1FC76 /* PBXTargetDependency */ = {
			isa = PBXTargetDependency;
			target = 32A9B68E25D9CDE200E1FC76 /* Conversion Calculator */;
			targetProxy = 32A9B6A625D9CDEA00E1FC76 /* PBXContainerItemProxy */;
		};
		32A9B6B225D9CDEA00E1FC76 /* PBXTargetDependency */ = {
			isa = PBXTargetDependency;
			target = 32A9B68E25D9CDE200E1FC76 /* Conversion Calculator */;
			targetProxy = 32A9B6B125D9CDEA00E1FC76 /* PBXContainerItemProxy */;
		};
/* End PBXTargetDependency section */

/* Begin PBXVariantGroup section */
		32A9B69825D9CDE200E1FC76 /* Main.storyboard */ = {
			isa = PBXVariantGroup;
			children = (
				32A9B69925D9CDE200E1FC76 /* Base */,
			);
			name = Main.storyboard;
			sourceTree = "<group>";
		};
		32A9B69D25D9CDE900E1FC76 /* LaunchScreen.storyboard */ = {
			isa = PBXVariantGroup;
			children = (
				32A9B69E25D9CDE900E1FC76 /* Base */,
			);
			name = LaunchScreen.storyboard;
			sourceTree = "<group>";
		};
/* End PBXVariantGroup section */

/* Begin XCBuildConfiguration section */
		32A9B6B725D9CDEA00E1FC76 /* Debug */ = {
			isa = XCBuildConfiguration;
			buildSettings = {
				ALWAYS_SEARCH_USER_PATHS = NO;
				CLANG_ANALYZER_NONNULL = YES;
				CLANG_ANALYZER_NUMBER_OBJECT_CONVERSION = YES_AGGRESSIVE;
				CLANG_CXX_LANGUAGE_STANDARD = "gnu++14";
				CLANG_CXX_LIBRARY = "libc++";
				CLANG_ENABLE_MODULES = YES;
				CLANG_ENABLE_OBJC_ARC = YES;
				CLANG_ENABLE_OBJC_WEAK = YES;
				CLANG_WARN_BLOCK_CAPTURE_AUTORELEASING = YES;
				CLANG_WARN_BOOL_CONVERSION = YES;
				CLANG_WARN_COMMA = YES;
				CLANG_WARN_CONSTANT_CONVERSION = YES;
				CLANG_WARN_DEPRECATED_OBJC_IMPLEMENTATIONS = YES;
				CLANG_WARN_DIRECT_OBJC_ISA_USAGE = YES_ERROR;
				CLANG_WARN_DOCUMENTATION_COMMENTS = YES;
				CLANG_WARN_EMPTY_BODY = YES;
				CLANG_WARN_ENUM_CONVERSION = YES;
				CLANG_WARN_INFINITE_RECURSION = YES;
				CLANG_WARN_INT_CONVERSION = YES;
				CLANG_WARN_NON_LITERAL_NULL_CONVERSION = YES;
				CLANG_WARN_OBJC_IMPLICIT_RETAIN_SELF = YES;
				CLANG_WARN_OBJC_LITERAL_CONVERSION = YES;
				CLANG_WARN_OBJC_ROOT_CLASS = YES_ERROR;
				CLANG_WARN_QUOTED_INCLUDE_IN_FRAMEWORK_HEADER = YES;
				CLANG_WARN_RANGE_LOOP_ANALYSIS = YES;
				CLANG_WARN_STRICT_PROTOTYPES = YES;
				CLANG_WARN_SUSPICIOUS_MOVE = YES;
				CLANG_WARN_UNGUARDED_AVAILABILITY = YES_AGGRESSIVE;
				CLANG_WARN_UNREACHABLE_CODE = YES;
				CLANG_WARN__DUPLICATE_METHOD_MATCH = YES;
				COPY_PHASE_STRIP = NO;
				DEBUG_INFORMATION_FORMAT = dwarf;
				ENABLE_STRICT_OBJC_MSGSEND = YES;
				ENABLE_TESTABILITY = YES;
				GCC_C_LANGUAGE_STANDARD = gnu11;
				GCC_DYNAMIC_NO_PIC = NO;
				GCC_NO_COMMON_BLOCKS = YES;
				GCC_OPTIMIZATION_LEVEL = 0;
				GCC_PREPROCESSOR_DEFINITIONS = (
					"DEBUG=1",
					"$(inherited)",
				);
				GCC_WARN_64_TO_32_BIT_CONVERSION = YES;
				GCC_WARN_ABOUT_RETURN_TYPE = YES_ERROR;
				GCC_WARN_UNDECLARED_SELECTOR = YES;
				GCC_WARN_UNINITIALIZED_AUTOS = YES_AGGRESSIVE;
				GCC_WARN_UNUSED_FUNCTION = YES;
				GCC_WARN_UNUSED_VARIABLE = YES;
				IPHONEOS_DEPLOYMENT_TARGET = 14.4;
				MTL_ENABLE_DEBUG_INFO = INCLUDE_SOURCE;
				MTL_FAST_MATH = YES;
				ONLY_ACTIVE_ARCH = YES;
				SDKROOT = iphoneos;
				SWIFT_ACTIVE_COMPILATION_CONDITIONS = DEBUG;
				SWIFT_OPTIMIZATION_LEVEL = "-Onone";
			};
			name = Debug;
		};
		32A9B6B825D9CDEA00E1FC76 /* Release */ = {
			isa = XCBuildConfiguration;
			buildSettings = {
				ALWAYS_SEARCH_USER_PATHS = NO;
				CLANG_ANALYZER_NONNULL = YES;
				CLANG_ANALYZER_NUMBER_OBJECT_CONVERSION = YES_AGGRESSIVE;
				CLANG_CXX_LANGUAGE_STANDARD = "gnu++14";
				CLANG_CXX_LIBRARY = "libc++";
				CLANG_ENABLE_MODULES = YES;
				CLANG_ENABLE_OBJC_ARC = YES;
				CLANG_ENABLE_OBJC_WEAK = YES;
				CLANG_WARN_BLOCK_CAPTURE_AUTORELEASING = YES;
				CLANG_WARN_BOOL_CONVERSION = YES;
				CLANG_WARN_COMMA = YES;
				CLANG_WARN_CONSTANT_CONVERSION = YES;
				CLANG_WARN_DEPRECATED_OBJC_IMPLEMENTATIONS = YES;
				CLANG_WARN_DIRECT_OBJC_ISA_USAGE = YES_ERROR;
				CLANG_WARN_DOCUMENTATION_COMMENTS = YES;
				CLANG_WARN_EMPTY_BODY = YES;
				CLANG_WARN_ENUM_CONVERSION = YES;
				CLANG_WARN_INFINITE_RECURSION = YES;
				CLANG_WARN_INT_CONVERSION = YES;
				CLANG_WARN_NON_LITERAL_NULL_CONVERSION = YES;
				CLANG_WARN_OBJC_IMPLICIT_RETAIN_SELF = YES;
				CLANG_WARN_OBJC_LITERAL_CONVERSION = YES;
				CLANG_WARN_OBJC_ROOT_CLASS = YES_ERROR;
				CLANG_WARN_QUOTED_INCLUDE_IN_FRAMEWORK_HEADER = YES;
				CLANG_WARN_RANGE_LOOP_ANALYSIS = YES;
				CLANG_WARN_STRICT_PROTOTYPES = YES;
				CLANG_WARN_SUSPICIOUS_MOVE = YES;
				CLANG_WARN_UNGUARDED_AVAILABILITY = YES_AGGRESSIVE;
				CLANG_WARN_UNREACHABLE_CODE = YES;
				CLANG_WARN__DUPLICATE_METHOD_MATCH = YES;
				COPY_PHASE_STRIP = NO;
				DEBUG_INFORMATION_FORMAT = "dwarf-with-dsym";
				ENABLE_NS_ASSERTIONS = NO;
				ENABLE_STRICT_OBJC_MSGSEND = YES;
				GCC_C_LANGUAGE_STANDARD = gnu11;
				GCC_NO_COMMON_BLOCKS = YES;
				GCC_WARN_64_TO_32_BIT_CONVERSION = YES;
				GCC_WARN_ABOUT_RETURN_TYPE = YES_ERROR;
				GCC_WARN_UNDECLARED_SELECTOR = YES;
				GCC_WARN_UNINITIALIZED_AUTOS = YES_AGGRESSIVE;
				GCC_WARN_UNUSED_FUNCTION = YES;
				GCC_WARN_UNUSED_VARIABLE = YES;
				IPHONEOS_DEPLOYMENT_TARGET = 14.4;
				MTL_ENABLE_DEBUG_INFO = NO;
				MTL_FAST_MATH = YES;
				SDKROOT = iphoneos;
				SWIFT_COMPILATION_MODE = wholemodule;
				SWIFT_OPTIMIZATION_LEVEL = "-O";
				VALIDATE_PRODUCT = YES;
			};
			name = Release;
		};
		32A9B6BA25D9CDEA00E1FC76 /* Debug */ = {
			isa = XCBuildConfiguration;
			buildSettings = {
				ASSETCATALOG_COMPILER_APPICON_NAME = AppIcon;
				ASSETCATALOG_COMPILER_GLOBAL_ACCENT_COLOR_NAME = AccentColor;
				CODE_SIGN_STYLE = Automatic;
				INFOPLIST_FILE = "Conversion Calculator/Info.plist";
				LD_RUNPATH_SEARCH_PATHS = (
					"$(inherited)",
					"@executable_path/Frameworks",
				);
				PRODUCT_BUNDLE_IDENTIFIER = "lunawj.Conversion-Calculator";
				PRODUCT_NAME = "$(TARGET_NAME)";
				SWIFT_VERSION = 5.0;
				TARGETED_DEVICE_FAMILY = "1,2";
			};
			name = Debug;
		};
		32A9B6BB25D9CDEA00E1FC76 /* Release */ = {
			isa = XCBuildConfiguration;
			buildSettings = {
				ASSETCATALOG_COMPILER_APPICON_NAME = AppIcon;
				ASSETCATALOG_COMPILER_GLOBAL_ACCENT_COLOR_NAME = AccentColor;
				CODE_SIGN_STYLE = Automatic;
				INFOPLIST_FILE = "Conversion Calculator/Info.plist";
				LD_RUNPATH_SEARCH_PATHS = (
					"$(inherited)",
					"@executable_path/Frameworks",
				);
				PRODUCT_BUNDLE_IDENTIFIER = "lunawj.Conversion-Calculator";
				PRODUCT_NAME = "$(TARGET_NAME)";
				SWIFT_VERSION = 5.0;
				TARGETED_DEVICE_FAMILY = "1,2";
			};
			name = Release;
		};
		32A9B6BD25D9CDEA00E1FC76 /* Debug */ = {
			isa = XCBuildConfiguration;
			buildSettings = {
				ALWAYS_EMBED_SWIFT_STANDARD_LIBRARIES = YES;
				BUNDLE_LOADER = "$(TEST_HOST)";
				CODE_SIGN_STYLE = Automatic;
				INFOPLIST_FILE = "Conversion CalculatorTests/Info.plist";
				IPHONEOS_DEPLOYMENT_TARGET = 14.4;
				LD_RUNPATH_SEARCH_PATHS = (
					"$(inherited)",
					"@executable_path/Frameworks",
					"@loader_path/Frameworks",
				);
				PRODUCT_BUNDLE_IDENTIFIER = "lunawj.Conversion-CalculatorTests";
				PRODUCT_NAME = "$(TARGET_NAME)";
				SWIFT_VERSION = 5.0;
				TARGETED_DEVICE_FAMILY = "1,2";
				TEST_HOST = "$(BUILT_PRODUCTS_DIR)/Conversion Calculator.app/Conversion Calculator";
			};
			name = Debug;
		};
		32A9B6BE25D9CDEA00E1FC76 /* Release */ = {
			isa = XCBuildConfiguration;
			buildSettings = {
				ALWAYS_EMBED_SWIFT_STANDARD_LIBRARIES = YES;
				BUNDLE_LOADER = "$(TEST_HOST)";
				CODE_SIGN_STYLE = Automatic;
				INFOPLIST_FILE = "Conversion CalculatorTests/Info.plist";
				IPHONEOS_DEPLOYMENT_TARGET = 14.4;
				LD_RUNPATH_SEARCH_PATHS = (
					"$(inherited)",
					"@executable_path/Frameworks",
					"@loader_path/Frameworks",
				);
				PRODUCT_BUNDLE_IDENTIFIER = "lunawj.Conversion-CalculatorTests";
				PRODUCT_NAME = "$(TARGET_NAME)";
				SWIFT_VERSION = 5.0;
				TARGETED_DEVICE_FAMILY = "1,2";
				TEST_HOST = "$(BUILT_PRODUCTS_DIR)/Conversion Calculator.app/Conversion Calculator";
			};
			name = Release;
		};
		32A9B6C025D9CDEA00E1FC76 /* Debug */ = {
			isa = XCBuildConfiguration;
			buildSettings = {
				ALWAYS_EMBED_SWIFT_STANDARD_LIBRARIES = YES;
				CODE_SIGN_STYLE = Automatic;
				INFOPLIST_FILE = "Conversion CalculatorUITests/Info.plist";
				LD_RUNPATH_SEARCH_PATHS = (
					"$(inherited)",
					"@executable_path/Frameworks",
					"@loader_path/Frameworks",
				);
				PRODUCT_BUNDLE_IDENTIFIER = "lunawj.Conversion-CalculatorUITests";
				PRODUCT_NAME = "$(TARGET_NAME)";
				SWIFT_VERSION = 5.0;
				TARGETED_DEVICE_FAMILY = "1,2";
				TEST_TARGET_NAME = "Conversion Calculator";
			};
			name = Debug;
		};
		32A9B6C125D9CDEA00E1FC76 /* Release */ = {
			isa = XCBuildConfiguration;
			buildSettings = {
				ALWAYS_EMBED_SWIFT_STANDARD_LIBRARIES = YES;
				CODE_SIGN_STYLE = Automatic;
				INFOPLIST_FILE = "Conversion CalculatorUITests/Info.plist";
				LD_RUNPATH_SEARCH_PATHS = (
					"$(inherited)",
					"@executable_path/Frameworks",
					"@loader_path/Frameworks",
				);
				PRODUCT_BUNDLE_IDENTIFIER = "lunawj.Conversion-CalculatorUITests";
				PRODUCT_NAME = "$(TARGET_NAME)";
				SWIFT_VERSION = 5.0;
				TARGETED_DEVICE_FAMILY = "1,2";
				TEST_TARGET_NAME = "Conversion Calculator";
			};
			name = Release;
		};
/* End XCBuildConfiguration section */

/* Begin XCConfigurationList section */
		32A9B68A25D9CDE200E1FC76 /* Build configuration list for PBXProject "Conversion Calculator" */ = {
			isa = XCConfigurationList;
			buildConfigurations = (
				32A9B6B725D9CDEA00E1FC76 /* Debug */,
				32A9B6B825D9CDEA00E1FC76 /* Release */,
			);
			defaultConfigurationIsVisible = 0;
			defaultConfigurationName = Release;
		};
		32A9B6B925D9CDEA00E1FC76 /* Build configuration list for PBXNativeTarget "Conversion Calculator" */ = {
			isa = XCConfigurationList;
			buildConfigurations = (
				32A9B6BA25D9CDEA00E1FC76 /* Debug */,
				32A9B6BB25D9CDEA00E1FC76 /* Release */,
			);
			defaultConfigurationIsVisible = 0;
			defaultConfigurationName = Release;
		};
		32A9B6BC25D9CDEA00E1FC76 /* Build configuration list for PBXNativeTarget "Conversion CalculatorTests" */ = {
			isa = XCConfigurationList;
			buildConfigurations = (
				32A9B6BD25D9CDEA00E1FC76 /* Debug */,
				32A9B6BE25D9CDEA00E1FC76 /* Release */,
			);
			defaultConfigurationIsVisible = 0;
			defaultConfigurationName = Release;
		};
		32A9B6BF25D9CDEA00E1FC76 /* Build configuration list for PBXNativeTarget "Conversion CalculatorUITests" */ = {
			isa = XCConfigurationList;
			buildConfigurations = (
				32A9B6C025D9CDEA00E1FC76 /* Debug */,
				32A9B6C125D9CDEA00E1FC76 /* Release */,
			);
			defaultConfigurationIsVisible = 0;
			defaultConfigurationName = Release;
		};
/* End XCConfigurationList section */
	};
	rootObject = 32A9B68725D9CDE200E1FC76 /* Project object */;
}
